
Microsoft Visual Studio Solution File, Format Version 12.00
# Visual Studio 15
VisualStudioVersion = 15.0.28307.1267
MinimumVisualStudioVersion = 10.0.40219.1
Project("{FAE04EC0-301F-11D3-BF4B-00C04F79EFBC}") = "RentalKendaraan_120", "RentalKendaraan_120\RentalKendaraan_120.csproj", "{2CC04766-FB72-4459-9178-72CCC83D9375}"
EndProject
Global
	GlobalSection(SolutionConfigurationPlatforms) = preSolution
		Debug|Any CPU = Debug|Any CPU
		Release|Any CPU = Release|Any CPU
	EndGlobalSection
	GlobalSection(ProjectConfigurationPlatforms) = postSolution
		{2CC04766-FB72-4459-9178-72CCC83D9375}.Debug|Any CPU.ActiveCfg = Debug|Any CPU
		{2CC04766-FB72-4459-9178-72CCC83D9375}.Debug|Any CPU.Build.0 = Debug|Any CPU
		{2CC04766-FB72-4459-9178-72CCC83D9375}.Release|Any CPU.ActiveCfg = Release|Any CPU
		{2CC04766-FB72-4459-9178-72CCC83D9375}.Release|Any CPU.Build.0 = Release|Any CPU
	EndGlobalSection
	GlobalSection(SolutionProperties) = preSolution
		HideSolutionNode = FALSE
	EndGlobalSection
	GlobalSection(ExtensibilityGlobals) = postSolution
		SolutionGuid = {2B16DFC6-A39E-441F-BB43-42E68F0B0E3A}
	EndGlobalSection
EndGlobal
